
Microsoft Visual Studio Solution File, Format Version 12.00
# Visual Studio Version 17
VisualStudioVersion = 17.0.32014.148
MinimumVisualStudioVersion = 10.0.40219.1
Project("{FAE04EC0-301F-11D3-BF4B-00C04F79EFBC}") = "PT4_Grp_2", "PT4_Grp_2.csproj", "{46E49CB8-AB70-47FB-88A8-6C77758FDC39}"
EndProject
Global
	GlobalSection(SolutionConfigurationPlatforms) = preSolution
		Debug|Any CPU = Debug|Any CPU
		Release|Any CPU = Release|Any CPU
	EndGlobalSection
	GlobalSection(ProjectConfigurationPlatforms) = postSolution
		{46E49CB8-AB70-47FB-88A8-6C77758FDC39}.Debug|Any CPU.ActiveCfg = Debug|Any CPU
		{46E49CB8-AB70-47FB-88A8-6C77758FDC39}.Debug|Any CPU.Build.0 = Debug|Any CPU
		{46E49CB8-AB70-47FB-88A8-6C77758FDC39}.Release|Any CPU.ActiveCfg = Release|Any CPU
		{46E49CB8-AB70-47FB-88A8-6C77758FDC39}.Release|Any CPU.Build.0 = Release|Any CPU
	EndGlobalSection
	GlobalSection(SolutionProperties) = preSolution
		HideSolutionNode = FALSE
	EndGlobalSection
	GlobalSection(ExtensibilityGlobals) = postSolution
		SolutionGuid = {26E677E6-8FAD-4146-89FB-473AF0AAE825}
	EndGlobalSection
EndGlobal
