
Microsoft Visual Studio Solution File, Format Version 12.00
# Visual Studio Version 16
VisualStudioVersion = 16.0.31702.278
MinimumVisualStudioVersion = 10.0.40219.1
Project("{FAE04EC0-301F-11D3-BF4B-00C04F79EFBC}") = "PT4_AnnieMaux_Grp_2", "PT4_AnnieMaux_Grp_2.csproj", "{148A6925-A119-4169-A0ED-1A84F3988BDF}"
EndProject
Global
	GlobalSection(SolutionConfigurationPlatforms) = preSolution
		Debug|Any CPU = Debug|Any CPU
		Release|Any CPU = Release|Any CPU
	EndGlobalSection
	GlobalSection(ProjectConfigurationPlatforms) = postSolution
		{148A6925-A119-4169-A0ED-1A84F3988BDF}.Debug|Any CPU.ActiveCfg = Debug|Any CPU
		{148A6925-A119-4169-A0ED-1A84F3988BDF}.Debug|Any CPU.Build.0 = Debug|Any CPU
		{148A6925-A119-4169-A0ED-1A84F3988BDF}.Release|Any CPU.ActiveCfg = Release|Any CPU
		{148A6925-A119-4169-A0ED-1A84F3988BDF}.Release|Any CPU.Build.0 = Release|Any CPU
	EndGlobalSection
	GlobalSection(SolutionProperties) = preSolution
		HideSolutionNode = FALSE
	EndGlobalSection
	GlobalSection(ExtensibilityGlobals) = postSolution
		SolutionGuid = {399A8F8C-9E16-4F3B-9F8A-A94A46F885CB}
	EndGlobalSection
EndGlobal
